
Microsoft Visual Studio Solution File, Format Version 12.00
# Visual Studio Version 16
VisualStudioVersion = 16.0.29306.81
MinimumVisualStudioVersion = 10.0.40219.1
Project("{FAE04EC0-301F-11D3-BF4B-00C04F79EFBC}") = "CardGameExecutor", "..\CardGame\CardGameExecutor\CardGameExecutor.csproj", "{715D7C91-F6F7-4F8E-97C4-6F953D12AF0B}"
EndProject
Global
	GlobalSection(SolutionConfigurationPlatforms) = preSolution
		Debug|Any CPU = Debug|Any CPU
		Release|Any CPU = Release|Any CPU
	EndGlobalSection
	GlobalSection(ProjectConfigurationPlatforms) = postSolution
		{715D7C91-F6F7-4F8E-97C4-6F953D12AF0B}.Debug|Any CPU.ActiveCfg = Debug|Any CPU
		{715D7C91-F6F7-4F8E-97C4-6F953D12AF0B}.Debug|Any CPU.Build.0 = Debug|Any CPU
		{715D7C91-F6F7-4F8E-97C4-6F953D12AF0B}.Release|Any CPU.ActiveCfg = Release|Any CPU
		{715D7C91-F6F7-4F8E-97C4-6F953D12AF0B}.Release|Any CPU.Build.0 = Release|Any CPU
	EndGlobalSection
	GlobalSection(SolutionProperties) = preSolution
		HideSolutionNode = FALSE
	EndGlobalSection
	GlobalSection(ExtensibilityGlobals) = postSolution
		SolutionGuid = {CECD879E-1D5E-4C31-AA0C-5F3AA9ED1C2E}
	EndGlobalSection
EndGlobal
